
Microsoft Visual Studio Solution File, Format Version 12.00
Project("{FAE04EC0-301F-11D3-BF4B-00C04F79EFBC}") = "Tsunami", "Tsunami\Tsunami.csproj", "{7067B167-3556-449E-AD8D-E6CADF4FA466}"
EndProject
Project("{FAE04EC0-301F-11D3-BF4B-00C04F79EFBC}") = "TsunamiTester", "TsunamiTester\TsunamiTester.csproj", "{BA63C3C7-D8D9-463C-9A27-E88A43875F50}"
EndProject
Global
	GlobalSection(SolutionConfigurationPlatforms) = preSolution
		Debug|Any CPU = Debug|Any CPU
		Release|Any CPU = Release|Any CPU
	EndGlobalSection
	GlobalSection(ProjectConfigurationPlatforms) = postSolution
		{7067B167-3556-449E-AD8D-E6CADF4FA466}.Debug|Any CPU.ActiveCfg = Debug|Any CPU
		{7067B167-3556-449E-AD8D-E6CADF4FA466}.Debug|Any CPU.Build.0 = Debug|Any CPU
		{7067B167-3556-449E-AD8D-E6CADF4FA466}.Release|Any CPU.ActiveCfg = Release|Any CPU
		{7067B167-3556-449E-AD8D-E6CADF4FA466}.Release|Any CPU.Build.0 = Release|Any CPU
		{BA63C3C7-D8D9-463C-9A27-E88A43875F50}.Debug|Any CPU.ActiveCfg = Debug|Any CPU
		{BA63C3C7-D8D9-463C-9A27-E88A43875F50}.Debug|Any CPU.Build.0 = Debug|Any CPU
		{BA63C3C7-D8D9-463C-9A27-E88A43875F50}.Release|Any CPU.ActiveCfg = Release|Any CPU
		{BA63C3C7-D8D9-463C-9A27-E88A43875F50}.Release|Any CPU.Build.0 = Release|Any CPU
	EndGlobalSection
EndGlobal
